
Microsoft Visual Studio Solution File, Format Version 12.00
# Visual Studio Version 17
VisualStudioVersion = 17.2.32526.322
MinimumVisualStudioVersion = 10.0.40219.1
Project("{9A19103F-16F7-4668-BE54-9A1E7A4F7556}") = "Zanobya", "Zanobya\Zanobya.csproj", "{A46BDEDE-1CD4-415B-8F92-FF0AF9F2A346}"
EndProject
Global
	GlobalSection(SolutionConfigurationPlatforms) = preSolution
		Debug|Any CPU = Debug|Any CPU
		Release|Any CPU = Release|Any CPU
	EndGlobalSection
	GlobalSection(ProjectConfigurationPlatforms) = postSolution
		{A46BDEDE-1CD4-415B-8F92-FF0AF9F2A346}.Debug|Any CPU.ActiveCfg = Debug|Any CPU
		{A46BDEDE-1CD4-415B-8F92-FF0AF9F2A346}.Debug|Any CPU.Build.0 = Debug|Any CPU
		{A46BDEDE-1CD4-415B-8F92-FF0AF9F2A346}.Release|Any CPU.ActiveCfg = Release|Any CPU
		{A46BDEDE-1CD4-415B-8F92-FF0AF9F2A346}.Release|Any CPU.Build.0 = Release|Any CPU
	EndGlobalSection
	GlobalSection(SolutionProperties) = preSolution
		HideSolutionNode = FALSE
	EndGlobalSection
	GlobalSection(ExtensibilityGlobals) = postSolution
		SolutionGuid = {2F93AF03-1090-4FDB-A6E5-38F7BB2046CF}
	EndGlobalSection
EndGlobal
